PODS:
  - GoogleMaps (8.4.0):
    - GoogleMaps/Maps (= 8.4.0)
  - GoogleMaps/Base (8.4.0)
  - GoogleMaps/Maps (8.4.0):
    - GoogleMaps/Base
  - GooglePlaces (8.5.0)

DEPENDENCIES:
  - GoogleMaps
  - GooglePlaces

SPEC REPOS:
  trunk:
    - GoogleMaps
    - GooglePlaces

SPEC CHECKSUMS:
  GoogleMaps: 8939898920281c649150e0af74aa291c60f2e77d
  GooglePlaces: 426efb69051e7b460e16300ba63598687d10fa1a

PODFILE CHECKSUM: ce529bac0eaa821b2b941bfbc95fe6145e0ea340

COCOAPODS: 1.16.2
