PODS:
  - GoogleMaps (9.4.0):
    - GoogleMaps/Maps (= 9.4.0)
  - GoogleMaps/Maps (9.4.0)
  - GooglePlaces (9.4.1)
  - SwiftEntryKit (2.0.0)

DEPENDENCIES:
  - GoogleMaps
  - GooglePlaces
  - SwiftEntryKit

SPEC REPOS:
  trunk:
    - GoogleMaps
    - GooglePlaces
    - SwiftEntryKit

SPEC CHECKSUMS:
  GoogleMaps: 0608099d4870cac8754bdba9b6953db543432438
  GooglePlaces: 8afca6c4e946472e91298589d1640d614b51749a
  SwiftEntryKit: 61b5fa36f34a97dd8013e48a7345bc4c4720be9a

PODFILE CHECKSUM: e10b23a17781aaa790c96ee2eba948ee5f162ac7

COCOAPODS: 1.16.2
